version = 1
revision = 2
requires-python = ">=3.11.1"

[[package]]
name = "pydantic"
version = "1.5a1"
source = { registry = "https://test.pypi.org/simple/" }
sdist = { url = "https://test-files.pythonhosted.org/packages/6d/3f/9f3b82be7de7770696d994a2fbdd10e8a28698c0496fc3331c88b1545c52/pydantic-1.5a1.tar.gz", hash = "sha256:2c2a75e3f49937666f47888c785aafde489b148f2a32ef1fb75afbdcf31eed60", size = 109714, upload-time = "2020-03-21T13:32:55.187Z" }
wheels = [
    { url = "https://test-files.pythonhosted.org/packages/25/9c/c1c21dc30d7af10c7b943a33853f02e439fa7eb4bbe611266e60c6d08e8b/pydantic-1.5a1-py36.py37.py38-none-any.whl", hash = "sha256:c54cd1cc7a88b8c4dabd3ebe5a82c2a2e4bc091139198d394ac92c425fe667ab", size = 91980, upload-time = "2020-03-21T13:32:53.462Z" },
]

[[package]]
name = "td-package"
version = "0.1.0"
source = { virtual = "." }
dependencies = [
    { name = "pydantic" },
]

[package.metadata]
requires-dist = [{ name = "pydantic", specifier = ">=1.5a1" }]
